// !$*UTF8*$!
{
	archiveVersion = 1;
	classes = {
	};
	objectVersion = 50;
	objects = {

/* Begin PBXBuildFile section */
		EE36D49B229E596300721525 /* AppDelegate.m in Sources */ = {isa = PBXBuildFile; fileRef = EE36D49A229E596300721525 /* AppDelegate.m */; };
		EE36D49E229E596300721525 /* ViewController.m in Sources */ = {isa = PBXBuildFile; fileRef = EE36D49D229E596300721525 /* ViewController.m */; };
		EE36D4A1229E596300721525 /* Main.storyboard in Resources */ = {isa = PBXBuildFile; fileRef = EE36D49F229E596300721525 /* Main.storyboard */; };
		EE36D4A3229E596400721525 /* Assets.xcassets in Resources */ = {isa = PBXBuildFile; fileRef = EE36D4A2229E596400721525 /* Assets.xcassets */; };
		EE36D4A6229E596400721525 /* LaunchScreen.storyboard in Resources */ = {isa = PBXBuildFile; fileRef = EE36D4A4229E596400721525 /* LaunchScreen.storyboard */; };
		EE36D4A9229E596400721525 /* main.m in Sources */ = {isa = PBXBuildFile; fileRef = EE36D4A8229E596400721525 /* main.m */; };
		EE36D4B3229E596400721525 /* VungleTestTests.m in Sources */ = {isa = PBXBuildFile; fileRef = EE36D4B2229E596400721525 /* VungleTestTests.m */; };
		EE36D4BE229E596400721525 /* VungleTestUITests.m in Sources */ = {isa = PBXBuildFile; fileRef = EE36D4BD229E596400721525 /* VungleTestUITests.m */; };
		EE36D4D0229E5B7600721525 /* VungleSDK.framework in Frameworks */ = {isa = PBXBuildFile; fileRef = EE36D4CF229E5B7600721525 /* VungleSDK.framework */; };
		EE36D4D3229E5B9E00721525 /* ApplicationManage.m in Sources */ = {isa = PBXBuildFile; fileRef = EE36D4D2229E5B9E00721525 /* ApplicationManage.m */; };
		EE36D4D6229E5BB500721525 /* AdSupport.framework in Frameworks */ = {isa = PBXBuildFile; fileRef = EE36D4D5229E5BB500721525 /* AdSupport.framework */; };
		EE36D4D8229E5BBE00721525 /* AudioToolbox.framework in Frameworks */ = {isa = PBXBuildFile; fileRef = EE36D4D7229E5BBE00721525 /* AudioToolbox.framework */; };
		EE36D4DA229E5BC700721525 /* AVFoundation.framework in Frameworks */ = {isa = PBXBuildFile; fileRef = EE36D4D9229E5BC700721525 /* AVFoundation.framework */; };
		EE36D4DC229E5BD100721525 /* CFNetwork.framework in Frameworks */ = {isa = PBXBuildFile; fileRef = EE36D4DB229E5BD100721525 /* CFNetwork.framework */; };
		EE36D4DE229E5BDA00721525 /* CoreGraphics.framework in Frameworks */ = {isa = PBXBuildFile; fileRef = EE36D4DD229E5BDA00721525 /* CoreGraphics.framework */; };
		EE36D4E0229E5BE300721525 /* CoreMedia.framework in Frameworks */ = {isa = PBXBuildFile; fileRef = EE36D4DF229E5BE300721525 /* CoreMedia.framework */; };
		EE36D4E2229E5BED00721525 /* libz.tbd in Frameworks */ = {isa = PBXBuildFile; fileRef = EE36D4E1229E5BED00721525 /* libz.tbd */; };
		EE36D4E4229E5BF500721525 /* MediaPlayer.framework in Frameworks */ = {isa = PBXBuildFile; fileRef = EE36D4E3229E5BF500721525 /* MediaPlayer.framework */; };
		EE36D4E6229E5BFE00721525 /* QuartzCore.framework in Frameworks */ = {isa = PBXBuildFile; fileRef = EE36D4E5229E5BFE00721525 /* QuartzCore.framework */; };
		EE36D4E8229E5C0700721525 /* StoreKit.framework in Frameworks */ = {isa = PBXBuildFile; fileRef = EE36D4E7229E5C0600721525 /* StoreKit.framework */; };
		EE36D4EA229E5C0E00721525 /* SystemConfiguration.framework in Frameworks */ = {isa = PBXBuildFile; fileRef = EE36D4E9229E5C0E00721525 /* SystemConfiguration.framework */; };
/* End PBXBuildFile section */

/* Begin PBXContainerItemProxy section */
		EE36D4AF229E596400721525 /* PBXContainerItemProxy */ = {
			isa = PBXContainerItemProxy;
			containerPortal = EE36D48E229E596200721525 /* Project object */;
			proxyType = 1;
			remoteGlobalIDString = EE36D495229E596300721525;
			remoteInfo = VungleTest;
		};
		EE36D4BA229E596400721525 /* PBXContainerItemProxy */ = {
			isa = PBXContainerItemProxy;
			containerPortal = EE36D48E229E596200721525 /* Project object */;
			proxyType = 1;
			remoteGlobalIDString = EE36D495229E596300721525;
			remoteInfo = VungleTest;
		};
/* End PBXContainerItemProxy section */

/* Begin PBXFileReference section */
		EE36D496229E596300721525 /* VungleTest.app */ = {isa = PBXFileReference; explicitFileType = wrapper.application; includeInIndex = 0; path = VungleTest.app; sourceTree = BUILT_PRODUCTS_DIR; };
		EE36D499229E596300721525 /* AppDelegate.h */ = {isa = PBXFileReference; lastKnownFileType = sourcecode.c.h; path = AppDelegate.h; sourceTree = "<group>"; };
		EE36D49A229E596300721525 /* AppDelegate.m */ = {isa = PBXFileReference; lastKnownFileType = sourcecode.c.objc; path = AppDelegate.m; sourceTree = "<group>"; };
		EE36D49C229E596300721525 /* ViewController.h */ = {isa = PBXFileReference; lastKnownFileType = sourcecode.c.h; path = ViewController.h; sourceTree = "<group>"; };
		EE36D49D229E596300721525 /* ViewController.m */ = {isa = PBXFileReference; lastKnownFileType = sourcecode.c.objc; path = ViewController.m; sourceTree = "<group>"; };
		EE36D4A0229E596300721525 /* Base */ = {isa = PBXFileReference; lastKnownFileType = file.storyboard; name = Base; path = Base.lproj/Main.storyboard; sourceTree = "<group>"; };
		EE36D4A2229E596400721525 /* Assets.xcassets */ = {isa = PBXFileReference; lastKnownFileType = folder.assetcatalog; path = Assets.xcassets; sourceTree = "<group>"; };
		EE36D4A5229E596400721525 /* Base */ = {isa = PBXFileReference; lastKnownFileType = file.storyboard; name = Base; path = Base.lproj/LaunchScreen.storyboard; sourceTree = "<group>"; };
		EE36D4A7229E596400721525 /* Info.plist */ = {isa = PBXFileReference; lastKnownFileType = text.plist.xml; path = Info.plist; sourceTree = "<group>"; };
		EE36D4A8229E596400721525 /* main.m */ = {isa = PBXFileReference; lastKnownFileType = sourcecode.c.objc; path = main.m; sourceTree = "<group>"; };
		EE36D4AE229E596400721525 /* VungleTestTests.xctest */ = {isa = PBXFileReference; explicitFileType = wrapper.cfbundle; includeInIndex = 0; path = VungleTestTests.xctest; sourceTree = BUILT_PRODUCTS_DIR; };
		EE36D4B2229E596400721525 /* VungleTestTests.m */ = {isa = PBXFileReference; lastKnownFileType = sourcecode.c.objc; path = VungleTestTests.m; sourceTree = "<group>"; };
		EE36D4B4229E596400721525 /* Info.plist */ = {isa = PBXFileReference; lastKnownFileType = text.plist.xml; path = Info.plist; sourceTree = "<group>"; };
		EE36D4B9229E596400721525 /* VungleTestUITests.xctest */ = {isa = PBXFileReference; explicitFileType = wrapper.cfbundle; includeInIndex = 0; path = VungleTestUITests.xctest; sourceTree = BUILT_PRODUCTS_DIR; };
		EE36D4BD229E596400721525 /* VungleTestUITests.m */ = {isa = PBXFileReference; lastKnownFileType = sourcecode.c.objc; path = VungleTestUITests.m; sourceTree = "<group>"; };
		EE36D4BF229E596400721525 /* Info.plist */ = {isa = PBXFileReference; lastKnownFileType = text.plist.xml; path = Info.plist; sourceTree = "<group>"; };
		EE36D4CF229E5B7600721525 /* VungleSDK.framework */ = {isa = PBXFileReference; lastKnownFileType = wrapper.framework; path = VungleSDK.framework; sourceTree = "<group>"; };
		EE36D4D1229E5B9E00721525 /* ApplicationManage.h */ = {isa = PBXFileReference; fileEncoding = 4; lastKnownFileType = sourcecode.c.h; path = ApplicationManage.h; sourceTree = "<group>"; };
		EE36D4D2229E5B9E00721525 /* ApplicationManage.m */ = {isa = PBXFileReference; fileEncoding = 4; lastKnownFileType = sourcecode.c.objc; path = ApplicationManage.m; sourceTree = "<group>"; };
		EE36D4D5229E5BB500721525 /* AdSupport.framework */ = {isa = PBXFileReference; lastKnownFileType = wrapper.framework; name = AdSupport.framework; path = System/Library/Frameworks/AdSupport.framework; sourceTree = SDKROOT; };
		EE36D4D7229E5BBE00721525 /* AudioToolbox.framework */ = {isa = PBXFileReference; lastKnownFileType = wrapper.framework; name = AudioToolbox.framework; path = System/Library/Frameworks/AudioToolbox.framework; sourceTree = SDKROOT; };
		EE36D4D9229E5BC700721525 /* AVFoundation.framework */ = {isa = PBXFileReference; lastKnownFileType = wrapper.framework; name = AVFoundation.framework; path = System/Library/Frameworks/AVFoundation.framework; sourceTree = SDKROOT; };
		EE36D4DB229E5BD100721525 /* CFNetwork.framework */ = {isa = PBXFileReference; lastKnownFileType = wrapper.framework; name = CFNetwork.framework; path = System/Library/Frameworks/CFNetwork.framework; sourceTree = SDKROOT; };
		EE36D4DD229E5BDA00721525 /* CoreGraphics.framework */ = {isa = PBXFileReference; lastKnownFileType = wrapper.framework; name = CoreGraphics.framework; path = System/Library/Frameworks/CoreGraphics.framework; sourceTree = SDKROOT; };
		EE36D4DF229E5BE300721525 /* CoreMedia.framework */ = {isa = PBXFileReference; lastKnownFileType = wrapper.framework; name = CoreMedia.framework; path = System/Library/Frameworks/CoreMedia.framework; sourceTree = SDKROOT; };
		EE36D4E1229E5BED00721525 /* libz.tbd */ = {isa = PBXFileReference; lastKnownFileType = "sourcecode.text-based-dylib-definition"; name = libz.tbd; path = usr/lib/libz.tbd; sourceTree = SDKROOT; };
		EE36D4E3229E5BF500721525 /* MediaPlayer.framework */ = {isa = PBXFileReference; lastKnownFileType = wrapper.framework; name = MediaPlayer.framework; path = System/Library/Frameworks/MediaPlayer.framework; sourceTree = SDKROOT; };
		EE36D4E5229E5BFE00721525 /* QuartzCore.framework */ = {isa = PBXFileReference; lastKnownFileType = wrapper.framework; name = QuartzCore.framework; path = System/Library/Frameworks/QuartzCore.framework; sourceTree = SDKROOT; };
		EE36D4E7229E5C0600721525 /* StoreKit.framework */ = {isa = PBXFileReference; lastKnownFileType = wrapper.framework; name = StoreKit.framework; path = System/Library/Frameworks/StoreKit.framework; sourceTree = SDKROOT; };
		EE36D4E9229E5C0E00721525 /* SystemConfiguration.framework */ = {isa = PBXFileReference; lastKnownFileType = wrapper.framework; name = SystemConfiguration.framework; path = System/Library/Frameworks/SystemConfiguration.framework; sourceTree = SDKROOT; };
/* End PBXFileReference section */

/* Begin PBXFrameworksBuildPhase section */
		EE36D493229E596300721525 /* Frameworks */ = {
			isa = PBXFrameworksBuildPhase;
			buildActionMask = 2147483647;
			files = (
				EE36D4EA229E5C0E00721525 /* SystemConfiguration.framework in Frameworks */,
				EE36D4E8229E5C0700721525 /* StoreKit.framework in Frameworks */,
				EE36D4E6229E5BFE00721525 /* QuartzCore.framework in Frameworks */,
				EE36D4E4229E5BF500721525 /* MediaPlayer.framework in Frameworks */,
				EE36D4E2229E5BED00721525 /* libz.tbd in Frameworks */,
				EE36D4E0229E5BE300721525 /* CoreMedia.framework in Frameworks */,
				EE36D4DE229E5BDA00721525 /* CoreGraphics.framework in Frameworks */,
				EE36D4DC229E5BD100721525 /* CFNetwork.framework in Frameworks */,
				EE36D4DA229E5BC700721525 /* AVFoundation.framework in Frameworks */,
				EE36D4D8229E5BBE00721525 /* AudioToolbox.framework in Frameworks */,
				EE36D4D6229E5BB500721525 /* AdSupport.framework in Frameworks */,
				EE36D4D0229E5B7600721525 /* VungleSDK.framework in Frameworks */,
			);
			runOnlyForDeploymentPostprocessing = 0;
		};
		EE36D4AB229E596400721525 /* Frameworks */ = {
			isa = PBXFrameworksBuildPhase;
			buildActionMask = 2147483647;
			files = (
			);
			runOnlyForDeploymentPostprocessing = 0;
		};
		EE36D4B6229E596400721525 /* Frameworks */ = {
			isa = PBXFrameworksBuildPhase;
			buildActionMask = 2147483647;
			files = (
			);
			runOnlyForDeploymentPostprocessing = 0;
		};
/* End PBXFrameworksBuildPhase section */

/* Begin PBXGroup section */
		EE36D48D229E596200721525 = {
			isa = PBXGroup;
			children = (
				EE36D498229E596300721525 /* VungleTest */,
				EE36D4B1229E596400721525 /* VungleTestTests */,
				EE36D4BC229E596400721525 /* VungleTestUITests */,
				EE36D497229E596300721525 /* Products */,
				EE36D4D4229E5BB500721525 /* Frameworks */,
			);
			sourceTree = "<group>";
		};
		EE36D497229E596300721525 /* Products */ = {
			isa = PBXGroup;
			children = (
				EE36D496229E596300721525 /* VungleTest.app */,
				EE36D4AE229E596400721525 /* VungleTestTests.xctest */,
				EE36D4B9229E596400721525 /* VungleTestUITests.xctest */,
			);
			name = Products;
			sourceTree = "<group>";
		};
		EE36D498229E596300721525 /* VungleTest */ = {
			isa = PBXGroup;
			children = (
				EE36D4CF229E5B7600721525 /* VungleSDK.framework */,
				EE36D499229E596300721525 /* AppDelegate.h */,
				EE36D49A229E596300721525 /* AppDelegate.m */,
				EE36D49C229E596300721525 /* ViewController.h */,
				EE36D49D229E596300721525 /* ViewController.m */,
				EE36D4D1229E5B9E00721525 /* ApplicationManage.h */,
				EE36D4D2229E5B9E00721525 /* ApplicationManage.m */,
				EE36D49F229E596300721525 /* Main.storyboard */,
				EE36D4A2229E596400721525 /* Assets.xcassets */,
				EE36D4A4229E596400721525 /* LaunchScreen.storyboard */,
				EE36D4A7229E596400721525 /* Info.plist */,
				EE36D4A8229E596400721525 /* main.m */,
			);
			path = VungleTest;
			sourceTree = "<group>";
		};
		EE36D4B1229E596400721525 /* VungleTestTests */ = {
			isa = PBXGroup;
			children = (
				EE36D4B2229E596400721525 /* VungleTestTests.m */,
				EE36D4B4229E596400721525 /* Info.plist */,
			);
			path = VungleTestTests;
			sourceTree = "<group>";
		};
		EE36D4BC229E596400721525 /* VungleTestUITests */ = {
			isa = PBXGroup;
			children = (
				EE36D4BD229E596400721525 /* VungleTestUITests.m */,
				EE36D4BF229E596400721525 /* Info.plist */,
			);
			path = VungleTestUITests;
			sourceTree = "<group>";
		};
		EE36D4D4229E5BB500721525 /* Frameworks */ = {
			isa = PBXGroup;
			children = (
				EE36D4E9229E5C0E00721525 /* SystemConfiguration.framework */,
				EE36D4E7229E5C0600721525 /* StoreKit.framework */,
				EE36D4E5229E5BFE00721525 /* QuartzCore.framework */,
				EE36D4E3229E5BF500721525 /* MediaPlayer.framework */,
				EE36D4E1229E5BED00721525 /* libz.tbd */,
				EE36D4DF229E5BE300721525 /* CoreMedia.framework */,
				EE36D4DD229E5BDA00721525 /* CoreGraphics.framework */,
				EE36D4DB229E5BD100721525 /* CFNetwork.framework */,
				EE36D4D9229E5BC700721525 /* AVFoundation.framework */,
				EE36D4D7229E5BBE00721525 /* AudioToolbox.framework */,
				EE36D4D5229E5BB500721525 /* AdSupport.framework */,
			);
			name = Frameworks;
			sourceTree = "<group>";
		};
/* End PBXGroup section */

/* Begin PBXNativeTarget section */
		EE36D495229E596300721525 /* VungleTest */ = {
			isa = PBXNativeTarget;
			buildConfigurationList = EE36D4C2229E596400721525 /* Build configuration list for PBXNativeTarget "VungleTest" */;
			buildPhases = (
				EE36D492229E596300721525 /* Sources */,
				EE36D493229E596300721525 /* Frameworks */,
				EE36D494229E596300721525 /* Resources */,
			);
			buildRules = (
			);
			dependencies = (
			);
			name = VungleTest;
			productName = VungleTest;
			productReference = EE36D496229E596300721525 /* VungleTest.app */;
			productType = "com.apple.product-type.application";
		};
		EE36D4AD229E596400721525 /* VungleTestTests */ = {
			isa = PBXNativeTarget;
			buildConfigurationList = EE36D4C5229E596400721525 /* Build configuration list for PBXNativeTarget "VungleTestTests" */;
			buildPhases = (
				EE36D4AA229E596400721525 /* Sources */,
				EE36D4AB229E596400721525 /* Frameworks */,
				EE36D4AC229E596400721525 /* Resources */,
			);
			buildRules = (
			);
			dependencies = (
				EE36D4B0229E596400721525 /* PBXTargetDependency */,
			);
			name = VungleTestTests;
			productName = VungleTestTests;
			productReference = EE36D4AE229E596400721525 /* VungleTestTests.xctest */;
			productType = "com.apple.product-type.bundle.unit-test";
		};
		EE36D4B8229E596400721525 /* VungleTestUITests */ = {
			isa = PBXNativeTarget;
			buildConfigurationList = EE36D4C8229E596400721525 /* Build configuration list for PBXNativeTarget "VungleTestUITests" */;
			buildPhases = (
				EE36D4B5229E596400721525 /* Sources */,
				EE36D4B6229E596400721525 /* Frameworks */,
				EE36D4B7229E596400721525 /* Resources */,
			);
			buildRules = (
			);
			dependencies = (
				EE36D4BB229E596400721525 /* PBXTargetDependency */,
			);
			name = VungleTestUITests;
			productName = VungleTestUITests;
			productReference = EE36D4B9229E596400721525 /* VungleTestUITests.xctest */;
			productType = "com.apple.product-type.bundle.ui-testing";
		};
/* End PBXNativeTarget section */

/* Begin PBXProject section */
		EE36D48E229E596200721525 /* Project object */ = {
			isa = PBXProject;
			attributes = {
				LastUpgradeCheck = 1010;
				ORGANIZATIONNAME = lixutao;
				TargetAttributes = {
					EE36D495229E596300721525 = {
						CreatedOnToolsVersion = 10.1;
					};
					EE36D4AD229E596400721525 = {
						CreatedOnToolsVersion = 10.1;
						TestTargetID = EE36D495229E596300721525;
					};
					EE36D4B8229E596400721525 = {
						CreatedOnToolsVersion = 10.1;
						TestTargetID = EE36D495229E596300721525;
					};
				};
			};
			buildConfigurationList = EE36D491229E596200721525 /* Build configuration list for PBXProject "VungleTest" */;
			compatibilityVersion = "Xcode 9.3";
			developmentRegion = en;
			hasScannedForEncodings = 0;
			knownRegions = (
				en,
				Base,
			);
			mainGroup = EE36D48D229E596200721525;
			productRefGroup = EE36D497229E596300721525 /* Products */;
			projectDirPath = "";
			projectRoot = "";
			targets = (
				EE36D495229E596300721525 /* VungleTest */,
				EE36D4AD229E596400721525 /* VungleTestTests */,
				EE36D4B8229E596400721525 /* VungleTestUITests */,
			);
		};
/* End PBXProject section */

/* Begin PBXResourcesBuildPhase section */
		EE36D494229E596300721525 /* Resources */ = {
			isa = PBXResourcesBuildPhase;
			buildActionMask = 2147483647;
			files = (
				EE36D4A6229E596400721525 /* LaunchScreen.storyboard in Resources */,
				EE36D4A3229E596400721525 /* Assets.xcassets in Resources */,
				EE36D4A1229E596300721525 /* Main.storyboard in Resources */,
			);
			runOnlyForDeploymentPostprocessing = 0;
		};
		EE36D4AC229E596400721525 /* Resources */ = {
			isa = PBXResourcesBuildPhase;
			buildActionMask = 2147483647;
			files = (
			);
			runOnlyForDeploymentPostprocessing = 0;
		};
		EE36D4B7229E596400721525 /* Resources */ = {
			isa = PBXResourcesBuildPhase;
			buildActionMask = 2147483647;
			files = (
			);
			runOnlyForDeploymentPostprocessing = 0;
		};
/* End PBXResourcesBuildPhase section */

/* Begin PBXSourcesBuildPhase section */
		EE36D492229E596300721525 /* Sources */ = {
			isa = PBXSourcesBuildPhase;
			buildActionMask = 2147483647;
			files = (
				EE36D49E229E596300721525 /* ViewController.m in Sources */,
				EE36D4A9229E596400721525 /* main.m in Sources */,
				EE36D49B229E596300721525 /* AppDelegate.m in Sources */,
				EE36D4D3229E5B9E00721525 /* ApplicationManage.m in Sources */,
			);
			runOnlyForDeploymentPostprocessing = 0;
		};
		EE36D4AA229E596400721525 /* Sources */ = {
			isa = PBXSourcesBuildPhase;
			buildActionMask = 2147483647;
			files = (
				EE36D4B3229E596400721525 /* VungleTestTests.m in Sources */,
			);
			runOnlyForDeploymentPostprocessing = 0;
		};
		EE36D4B5229E596400721525 /* Sources */ = {
			isa = PBXSourcesBuildPhase;
			buildActionMask = 2147483647;
			files = (
				EE36D4BE229E596400721525 /* VungleTestUITests.m in Sources */,
			);
			runOnlyForDeploymentPostprocessing = 0;
		};
/* End PBXSourcesBuildPhase section */

/* Begin PBXTargetDependency section */
		EE36D4B0229E596400721525 /* PBXTargetDependency */ = {
			isa = PBXTargetDependency;
			target = EE36D495229E596300721525 /* VungleTest */;
			targetProxy = EE36D4AF229E596400721525 /* PBXContainerItemProxy */;
		};
		EE36D4BB229E596400721525 /* PBXTargetDependency */ = {
			isa = PBXTargetDependency;
			target = EE36D495229E596300721525 /* VungleTest */;
			targetProxy = EE36D4BA229E596400721525 /* PBXContainerItemProxy */;
		};
/* End PBXTargetDependency section */

/* Begin PBXVariantGroup section */
		EE36D49F229E596300721525 /* Main.storyboard */ = {
			isa = PBXVariantGroup;
			children = (
				EE36D4A0229E596300721525 /* Base */,
			);
			name = Main.storyboard;
			sourceTree = "<group>";
		};
		EE36D4A4229E596400721525 /* LaunchScreen.storyboard */ = {
			isa = PBXVariantGroup;
			children = (
				EE36D4A5229E596400721525 /* Base */,
			);
			name = LaunchScreen.storyboard;
			sourceTree = "<group>";
		};
/* End PBXVariantGroup section */

/* Begin XCBuildConfiguration section */
		EE36D4C0229E596400721525 /* Debug */ = {
			isa = XCBuildConfiguration;
			buildSettings = {
				ALWAYS_SEARCH_USER_PATHS = NO;
				CLANG_ANALYZER_NONNULL = YES;
				CLANG_ANALYZER_NUMBER_OBJECT_CONVERSION = YES_AGGRESSIVE;
				CLANG_CXX_LANGUAGE_STANDARD = "gnu++14";
				CLANG_CXX_LIBRARY = "libc++";
				CLANG_ENABLE_MODULES = YES;
				CLANG_ENABLE_OBJC_ARC = YES;
				CLANG_ENABLE_OBJC_WEAK = YES;
				CLANG_WARN_BLOCK_CAPTURE_AUTORELEASING = YES;
				CLANG_WARN_BOOL_CONVERSION = YES;
				CLANG_WARN_COMMA = YES;
				CLANG_WARN_CONSTANT_CONVERSION = YES;
				CLANG_WARN_DEPRECATED_OBJC_IMPLEMENTATIONS = YES;
				CLANG_WARN_DIRECT_OBJC_ISA_USAGE = YES_ERROR;
				CLANG_WARN_DOCUMENTATION_COMMENTS = YES;
				CLANG_WARN_EMPTY_BODY = YES;
				CLANG_WARN_ENUM_CONVERSION = YES;
				CLANG_WARN_INFINITE_RECURSION = YES;
				CLANG_WARN_INT_CONVERSION = YES;
				CLANG_WARN_NON_LITERAL_NULL_CONVERSION = YES;
				CLANG_WARN_OBJC_IMPLICIT_RETAIN_SELF = YES;
				CLANG_WARN_OBJC_LITERAL_CONVERSION = YES;
				CLANG_WARN_OBJC_ROOT_CLASS = YES_ERROR;
				CLANG_WARN_RANGE_LOOP_ANALYSIS = YES;
				CLANG_WARN_STRICT_PROTOTYPES = YES;
				CLANG_WARN_SUSPICIOUS_MOVE = YES;
				CLANG_WARN_UNGUARDED_AVAILABILITY = YES_AGGRESSIVE;
				CLANG_WARN_UNREACHABLE_CODE = YES;
				CLANG_WARN__DUPLICATE_METHOD_MATCH = YES;
				CODE_SIGN_IDENTITY = "iPhone Developer";
				COPY_PHASE_STRIP = NO;
				DEBUG_INFORMATION_FORMAT = dwarf;
				ENABLE_STRICT_OBJC_MSGSEND = YES;
				ENABLE_TESTABILITY = YES;
				GCC_C_LANGUAGE_STANDARD = gnu11;
				GCC_DYNAMIC_NO_PIC = NO;
				GCC_NO_COMMON_BLOCKS = YES;
				GCC_OPTIMIZATION_LEVEL = 0;
				GCC_PREPROCESSOR_DEFINITIONS = (
					"DEBUG=1",
					"$(inherited)",
				);
				GCC_WARN_64_TO_32_BIT_CONVERSION = YES;
				GCC_WARN_ABOUT_RETURN_TYPE = YES_ERROR;
				GCC_WARN_UNDECLARED_SELECTOR = YES;
				GCC_WARN_UNINITIALIZED_AUTOS = YES_AGGRESSIVE;
				GCC_WARN_UNUSED_FUNCTION = YES;
				GCC_WARN_UNUSED_VARIABLE = YES;
				IPHONEOS_DEPLOYMENT_TARGET = 12.1;
				MTL_ENABLE_DEBUG_INFO = INCLUDE_SOURCE;
				MTL_FAST_MATH = YES;
				ONLY_ACTIVE_ARCH = YES;
				SDKROOT = iphoneos;
			};
			name = Debug;
		};
		EE36D4C1229E596400721525 /* Release */ = {
			isa = XCBuildConfiguration;
			buildSettings = {
				ALWAYS_SEARCH_USER_PATHS = NO;
				CLANG_ANALYZER_NONNULL = YES;
				CLANG_ANALYZER_NUMBER_OBJECT_CONVERSION = YES_AGGRESSIVE;
				CLANG_CXX_LANGUAGE_STANDARD = "gnu++14";
				CLANG_CXX_LIBRARY = "libc++";
				CLANG_ENABLE_MODULES = YES;
				CLANG_ENABLE_OBJC_ARC = YES;
				CLANG_ENABLE_OBJC_WEAK = YES;
				CLANG_WARN_BLOCK_CAPTURE_AUTORELEASING = YES;
				CLANG_WARN_BOOL_CONVERSION = YES;
				CLANG_WARN_COMMA = YES;
				CLANG_WARN_CONSTANT_CONVERSION = YES;
				CLANG_WARN_DEPRECATED_OBJC_IMPLEMENTATIONS = YES;
				CLANG_WARN_DIRECT_OBJC_ISA_USAGE = YES_ERROR;
				CLANG_WARN_DOCUMENTATION_COMMENTS = YES;
				CLANG_WARN_EMPTY_BODY = YES;
				CLANG_WARN_ENUM_CONVERSION = YES;
				CLANG_WARN_INFINITE_RECURSION = YES;
				CLANG_WARN_INT_CONVERSION = YES;
				CLANG_WARN_NON_LITERAL_NULL_CONVERSION = YES;
				CLANG_WARN_OBJC_IMPLICIT_RETAIN_SELF = YES;
				CLANG_WARN_OBJC_LITERAL_CONVERSION = YES;
				CLANG_WARN_OBJC_ROOT_CLASS = YES_ERROR;
				CLANG_WARN_RANGE_LOOP_ANALYSIS = YES;
				CLANG_WARN_STRICT_PROTOTYPES = YES;
				CLANG_WARN_SUSPICIOUS_MOVE = YES;
				CLANG_WARN_UNGUARDED_AVAILABILITY = YES_AGGRESSIVE;
				CLANG_WARN_UNREACHABLE_CODE = YES;
				CLANG_WARN__DUPLICATE_METHOD_MATCH = YES;
				CODE_SIGN_IDENTITY = "iPhone Developer";
				COPY_PHASE_STRIP = NO;
				DEBUG_INFORMATION_FORMAT = "dwarf-with-dsym";
				ENABLE_NS_ASSERTIONS = NO;
				ENABLE_STRICT_OBJC_MSGSEND = YES;
				GCC_C_LANGUAGE_STANDARD = gnu11;
				GCC_NO_COMMON_BLOCKS = YES;
				GCC_WARN_64_TO_32_BIT_CONVERSION = YES;
				GCC_WARN_ABOUT_RETURN_TYPE = YES_ERROR;
				GCC_WARN_UNDECLARED_SELECTOR = YES;
				GCC_WARN_UNINITIALIZED_AUTOS = YES_AGGRESSIVE;
				GCC_WARN_UNUSED_FUNCTION = YES;
				GCC_WARN_UNUSED_VARIABLE = YES;
				IPHONEOS_DEPLOYMENT_TARGET = 12.1;
				MTL_ENABLE_DEBUG_INFO = NO;
				MTL_FAST_MATH = YES;
				SDKROOT = iphoneos;
				VALIDATE_PRODUCT = YES;
			};
			name = Release;
		};
		EE36D4C3229E596400721525 /* Debug */ = {
			isa = XCBuildConfiguration;
			buildSettings = {
				ASSETCATALOG_COMPILER_APPICON_NAME = AppIcon;
				CODE_SIGN_STYLE = Automatic;
				DEVELOPMENT_TEAM = NLGH8L8MN5;
				FRAMEWORK_SEARCH_PATHS = (
					"$(inherited)",
					"$(PROJECT_DIR)/VungleTest",
				);
				INFOPLIST_FILE = VungleTest/Info.plist;
				LD_RUNPATH_SEARCH_PATHS = (
					"$(inherited)",
					"@executable_path/Frameworks",
				);
				OTHER_LDFLAGS = "-ObjC";
				PRODUCT_BUNDLE_IDENTIFIER = com.vungletest.com.VungleTest;
				PRODUCT_NAME = "$(TARGET_NAME)";
				TARGETED_DEVICE_FAMILY = "1,2";
			};
			name = Debug;
		};
		EE36D4C4229E596400721525 /* Release */ = {
			isa = XCBuildConfiguration;
			buildSettings = {
				ASSETCATALOG_COMPILER_APPICON_NAME = AppIcon;
				CODE_SIGN_STYLE = Automatic;
				DEVELOPMENT_TEAM = NLGH8L8MN5;
				FRAMEWORK_SEARCH_PATHS = (
					"$(inherited)",
					"$(PROJECT_DIR)/VungleTest",
				);
				INFOPLIST_FILE = VungleTest/Info.plist;
				LD_RUNPATH_SEARCH_PATHS = (
					"$(inherited)",
					"@executable_path/Frameworks",
				);
				OTHER_LDFLAGS = "-ObjC";
				PRODUCT_BUNDLE_IDENTIFIER = com.vungletest.com.VungleTest;
				PRODUCT_NAME = "$(TARGET_NAME)";
				TARGETED_DEVICE_FAMILY = "1,2";
			};
			name = Release;
		};
		EE36D4C6229E596400721525 /* Debug */ = {
			isa = XCBuildConfiguration;
			buildSettings = {
				BUNDLE_LOADER = "$(TEST_HOST)";
				CODE_SIGN_STYLE = Automatic;
				DEVELOPMENT_TEAM = NLGH8L8MN5;
				INFOPLIST_FILE = VungleTestTests/Info.plist;
				LD_RUNPATH_SEARCH_PATHS = (
					"$(inherited)",
					"@executable_path/Frameworks",
					"@loader_path/Frameworks",
				);
				PRODUCT_BUNDLE_IDENTIFIER = com.vungletest.com.VungleTestTests;
				PRODUCT_NAME = "$(TARGET_NAME)";
				TARGETED_DEVICE_FAMILY = "1,2";
				TEST_HOST = "$(BUILT_PRODUCTS_DIR)/VungleTest.app/VungleTest";
			};
			name = Debug;
		};
		EE36D4C7229E596400721525 /* Release */ = {
			isa = XCBuildConfiguration;
			buildSettings = {
				BUNDLE_LOADER = "$(TEST_HOST)";
				CODE_SIGN_STYLE = Automatic;
				DEVELOPMENT_TEAM = NLGH8L8MN5;
				INFOPLIST_FILE = VungleTestTests/Info.plist;
				LD_RUNPATH_SEARCH_PATHS = (
					"$(inherited)",
					"@executable_path/Frameworks",
					"@loader_path/Frameworks",
				);
				PRODUCT_BUNDLE_IDENTIFIER = com.vungletest.com.VungleTestTests;
				PRODUCT_NAME = "$(TARGET_NAME)";
				TARGETED_DEVICE_FAMILY = "1,2";
				TEST_HOST = "$(BUILT_PRODUCTS_DIR)/VungleTest.app/VungleTest";
			};
			name = Release;
		};
		EE36D4C9229E596400721525 /* Debug */ = {
			isa = XCBuildConfiguration;
			buildSettings = {
				CODE_SIGN_STYLE = Automatic;
				DEVELOPMENT_TEAM = NLGH8L8MN5;
				INFOPLIST_FILE = VungleTestUITests/Info.plist;
				LD_RUNPATH_SEARCH_PATHS = (
					"$(inherited)",
					"@executable_path/Frameworks",
					"@loader_path/Frameworks",
				);
				PRODUCT_BUNDLE_IDENTIFIER = com.vungletest.com.VungleTestUITests;
				PRODUCT_NAME = "$(TARGET_NAME)";
				TARGETED_DEVICE_FAMILY = "1,2";
				TEST_TARGET_NAME = VungleTest;
			};
			name = Debug;
		};
		EE36D4CA229E596400721525 /* Release */ = {
			isa = XCBuildConfiguration;
			buildSettings = {
				CODE_SIGN_STYLE = Automatic;
				DEVELOPMENT_TEAM = NLGH8L8MN5;
				INFOPLIST_FILE = VungleTestUITests/Info.plist;
				LD_RUNPATH_SEARCH_PATHS = (
					"$(inherited)",
					"@executable_path/Frameworks",
					"@loader_path/Frameworks",
				);
				PRODUCT_BUNDLE_IDENTIFIER = com.vungletest.com.VungleTestUITests;
				PRODUCT_NAME = "$(TARGET_NAME)";
				TARGETED_DEVICE_FAMILY = "1,2";
				TEST_TARGET_NAME = VungleTest;
			};
			name = Release;
		};
/* End XCBuildConfiguration section */

/* Begin XCConfigurationList section */
		EE36D491229E596200721525 /* Build configuration list for PBXProject "VungleTest" */ = {
			isa = XCConfigurationList;
			buildConfigurations = (
				EE36D4C0229E596400721525 /* Debug */,
				EE36D4C1229E596400721525 /* Release */,
			);
			defaultConfigurationIsVisible = 0;
			defaultConfigurationName = Release;
		};
		EE36D4C2229E596400721525 /* Build configuration list for PBXNativeTarget "VungleTest" */ = {
			isa = XCConfigurationList;
			buildConfigurations = (
				EE36D4C3229E596400721525 /* Debug */,
				EE36D4C4229E596400721525 /* Release */,
			);
			defaultConfigurationIsVisible = 0;
			defaultConfigurationName = Release;
		};
		EE36D4C5229E596400721525 /* Build configuration list for PBXNativeTarget "VungleTestTests" */ = {
			isa = XCConfigurationList;
			buildConfigurations = (
				EE36D4C6229E596400721525 /* Debug */,
				EE36D4C7229E596400721525 /* Release */,
			);
			defaultConfigurationIsVisible = 0;
			defaultConfigurationName = Release;
		};
		EE36D4C8229E596400721525 /* Build configuration list for PBXNativeTarget "VungleTestUITests" */ = {
			isa = XCConfigurationList;
			buildConfigurations = (
				EE36D4C9229E596400721525 /* Debug */,
				EE36D4CA229E596400721525 /* Release */,
			);
			defaultConfigurationIsVisible = 0;
			defaultConfigurationName = Release;
		};
/* End XCConfigurationList section */
	};
	rootObject = EE36D48E229E596200721525 /* Project object */;
}
